
Microsoft Visual Studio Solution File, Format Version 12.00
# Visual Studio Version 17
VisualStudioVersion = 17.13.36105.23 d17.13
MinimumVisualStudioVersion = 10.0.40219.1
Project("{FAE04EC0-301F-11D3-BF4B-00C04F79EFBC}") = "VotumPro.CampainManeger.Domain", "VotumPro.CampainManeger.Domain\VotumPro.CampainManeger.Domain.csproj", "{06BBBD27-5458-460A-939D-BCD101FF4BD1}"
EndProject
Project("{FAE04EC0-301F-11D3-BF4B-00C04F79EFBC}") = "VotumPro.CampainManeger.WebApi", "VotumPro.CampainManeger.WebApi\VotumPro.CampainManeger.WebApi.csproj", "{62819A13-5BAE-474D-87A0-F3DE4EEB29D1}"
EndProject
Project("{FAE04EC0-301F-11D3-BF4B-00C04F79EFBC}") = "VotumPro.CampainManeger.Application", "VotumPro.CampainManeger.Application\VotumPro.CampainManeger.Application.csproj", "{3E722709-B465-4FB0-ABA7-79DB7F1F9392}"
EndProject
Project("{FAE04EC0-301F-11D3-BF4B-00C04F79EFBC}") = "VotumPro.CampainManeger.Infraestucture", "VotumPro.CampainManeger.Infraestucture\VotumPro.CampainManeger.Infraestucture.csproj", "{617436B5-0C7A-411B-9610-B9A655BE94C8}"
EndProject
Project("{FAE04EC0-301F-11D3-BF4B-00C04F79EFBC}") = "VotumPro.CampainManeger.Share", "VotumPro.CampainManeger.Share\VotumPro.CampainManeger.Share.csproj", "{737C7354-9CC8-44FF-95F2-717BA0A60919}"
EndProject
Global
	GlobalSection(SolutionConfigurationPlatforms) = preSolution
		Debug|Any CPU = Debug|Any CPU
		Release|Any CPU = Release|Any CPU
	EndGlobalSection
	GlobalSection(ProjectConfigurationPlatforms) = postSolution
		{06BBBD27-5458-460A-939D-BCD101FF4BD1}.Debug|Any CPU.ActiveCfg = Debug|Any CPU
		{06BBBD27-5458-460A-939D-BCD101FF4BD1}.Debug|Any CPU.Build.0 = Debug|Any CPU
		{06BBBD27-5458-460A-939D-BCD101FF4BD1}.Release|Any CPU.ActiveCfg = Release|Any CPU
		{06BBBD27-5458-460A-939D-BCD101FF4BD1}.Release|Any CPU.Build.0 = Release|Any CPU
		{62819A13-5BAE-474D-87A0-F3DE4EEB29D1}.Debug|Any CPU.ActiveCfg = Debug|Any CPU
		{62819A13-5BAE-474D-87A0-F3DE4EEB29D1}.Debug|Any CPU.Build.0 = Debug|Any CPU
		{62819A13-5BAE-474D-87A0-F3DE4EEB29D1}.Release|Any CPU.ActiveCfg = Release|Any CPU
		{62819A13-5BAE-474D-87A0-F3DE4EEB29D1}.Release|Any CPU.Build.0 = Release|Any CPU
		{3E722709-B465-4FB0-ABA7-79DB7F1F9392}.Debug|Any CPU.ActiveCfg = Debug|Any CPU
		{3E722709-B465-4FB0-ABA7-79DB7F1F9392}.Debug|Any CPU.Build.0 = Debug|Any CPU
		{3E722709-B465-4FB0-ABA7-79DB7F1F9392}.Release|Any CPU.ActiveCfg = Release|Any CPU
		{3E722709-B465-4FB0-ABA7-79DB7F1F9392}.Release|Any CPU.Build.0 = Release|Any CPU
		{617436B5-0C7A-411B-9610-B9A655BE94C8}.Debug|Any CPU.ActiveCfg = Debug|Any CPU
		{617436B5-0C7A-411B-9610-B9A655BE94C8}.Debug|Any CPU.Build.0 = Debug|Any CPU
		{617436B5-0C7A-411B-9610-B9A655BE94C8}.Release|Any CPU.ActiveCfg = Release|Any CPU
		{617436B5-0C7A-411B-9610-B9A655BE94C8}.Release|Any CPU.Build.0 = Release|Any CPU
		{737C7354-9CC8-44FF-95F2-717BA0A60919}.Debug|Any CPU.ActiveCfg = Debug|Any CPU
		{737C7354-9CC8-44FF-95F2-717BA0A60919}.Debug|Any CPU.Build.0 = Debug|Any CPU
		{737C7354-9CC8-44FF-95F2-717BA0A60919}.Release|Any CPU.ActiveCfg = Release|Any CPU
		{737C7354-9CC8-44FF-95F2-717BA0A60919}.Release|Any CPU.Build.0 = Release|Any CPU
	EndGlobalSection
	GlobalSection(SolutionProperties) = preSolution
		HideSolutionNode = FALSE
	EndGlobalSection
	GlobalSection(ExtensibilityGlobals) = postSolution
		SolutionGuid = {CF72AFCE-53A1-4B8C-9D00-2862C55B7DB9}
	EndGlobalSection
EndGlobal
